
Microsoft Visual Studio Solution File, Format Version 12.00
# Visual Studio Version 17
VisualStudioVersion = 17.14.36202.13
MinimumVisualStudioVersion = 10.0.40219.1
Project("{FAE04EC0-301F-11D3-BF4B-00C04F79EFBC}") = "WebApiLivros9.Domain", "WebApiLivros9.Domain\WebApiLivros9.Domain.csproj", "{CDB0B3DD-4DED-4A5D-8202-F636B146905F}"
EndProject
Project("{FAE04EC0-301F-11D3-BF4B-00C04F79EFBC}") = "WebApiLivros9.Application", "WebApiLivros9.Application\WebApiLivros9.Application.csproj", "{BEF6BC7C-1B20-4E8A-A16A-97371A0C26F4}"
EndProject
Project("{FAE04EC0-301F-11D3-BF4B-00C04F79EFBC}") = "WebApiLivros9.Infra.Data", "WebApiLivro9.Infra.Data\WebApiLivros9.Infra.Data.csproj", "{508939DE-D68E-497F-8D99-CFA9062A9788}"
EndProject
Project("{FAE04EC0-301F-11D3-BF4B-00C04F79EFBC}") = "WebApiLivros9.Infra.Ioc", "WebApiLivros.Infra.Ioc\WebApiLivros9.Infra.Ioc.csproj", "{3C018287-5C8C-43FD-AA28-23770A865D1F}"
EndProject
Project("{FAE04EC0-301F-11D3-BF4B-00C04F79EFBC}") = "WebApiLivros9.API", "WebApiLivros9.API\WebApiLivros9.API.csproj", "{78469A82-B41D-45A9-A1A5-1870C9EBEEFB}"
EndProject
Global
	GlobalSection(SolutionConfigurationPlatforms) = preSolution
		Debug|Any CPU = Debug|Any CPU
		Release|Any CPU = Release|Any CPU
	EndGlobalSection
	GlobalSection(ProjectConfigurationPlatforms) = postSolution
		{CDB0B3DD-4DED-4A5D-8202-F636B146905F}.Debug|Any CPU.ActiveCfg = Debug|Any CPU
		{CDB0B3DD-4DED-4A5D-8202-F636B146905F}.Debug|Any CPU.Build.0 = Debug|Any CPU
		{CDB0B3DD-4DED-4A5D-8202-F636B146905F}.Release|Any CPU.ActiveCfg = Release|Any CPU
		{CDB0B3DD-4DED-4A5D-8202-F636B146905F}.Release|Any CPU.Build.0 = Release|Any CPU
		{BEF6BC7C-1B20-4E8A-A16A-97371A0C26F4}.Debug|Any CPU.ActiveCfg = Debug|Any CPU
		{BEF6BC7C-1B20-4E8A-A16A-97371A0C26F4}.Debug|Any CPU.Build.0 = Debug|Any CPU
		{BEF6BC7C-1B20-4E8A-A16A-97371A0C26F4}.Release|Any CPU.ActiveCfg = Release|Any CPU
		{BEF6BC7C-1B20-4E8A-A16A-97371A0C26F4}.Release|Any CPU.Build.0 = Release|Any CPU
		{508939DE-D68E-497F-8D99-CFA9062A9788}.Debug|Any CPU.ActiveCfg = Debug|Any CPU
		{508939DE-D68E-497F-8D99-CFA9062A9788}.Debug|Any CPU.Build.0 = Debug|Any CPU
		{508939DE-D68E-497F-8D99-CFA9062A9788}.Release|Any CPU.ActiveCfg = Release|Any CPU
		{508939DE-D68E-497F-8D99-CFA9062A9788}.Release|Any CPU.Build.0 = Release|Any CPU
		{3C018287-5C8C-43FD-AA28-23770A865D1F}.Debug|Any CPU.ActiveCfg = Debug|Any CPU
		{3C018287-5C8C-43FD-AA28-23770A865D1F}.Debug|Any CPU.Build.0 = Debug|Any CPU
		{3C018287-5C8C-43FD-AA28-23770A865D1F}.Release|Any CPU.ActiveCfg = Release|Any CPU
		{3C018287-5C8C-43FD-AA28-23770A865D1F}.Release|Any CPU.Build.0 = Release|Any CPU
		{78469A82-B41D-45A9-A1A5-1870C9EBEEFB}.Debug|Any CPU.ActiveCfg = Debug|Any CPU
		{78469A82-B41D-45A9-A1A5-1870C9EBEEFB}.Debug|Any CPU.Build.0 = Debug|Any CPU
		{78469A82-B41D-45A9-A1A5-1870C9EBEEFB}.Release|Any CPU.ActiveCfg = Release|Any CPU
		{78469A82-B41D-45A9-A1A5-1870C9EBEEFB}.Release|Any CPU.Build.0 = Release|Any CPU
	EndGlobalSection
	GlobalSection(SolutionProperties) = preSolution
		HideSolutionNode = FALSE
	EndGlobalSection
	GlobalSection(ExtensibilityGlobals) = postSolution
		SolutionGuid = {21593ED3-56A4-4538-AB4D-67FFB773357A}
	EndGlobalSection
EndGlobal
